
Microsoft Visual Studio Solution File, Format Version 12.00
# Visual Studio Version 17
VisualStudioVersion = 17.8.34322.80
MinimumVisualStudioVersion = 10.0.40219.1
Project("{FAE04EC0-301F-11D3-BF4B-00C04F79EFBC}") = "EmployeeWindow", "EmployeeWindow.csproj", "{A75F8B13-11B6-4A10-8C05-1501E1F4DF03}"
EndProject
Global
	GlobalSection(SolutionConfigurationPlatforms) = preSolution
		Debug|Any CPU = Debug|Any CPU
		Release|Any CPU = Release|Any CPU
	EndGlobalSection
	GlobalSection(ProjectConfigurationPlatforms) = postSolution
		{A75F8B13-11B6-4A10-8C05-1501E1F4DF03}.Debug|Any CPU.ActiveCfg = Debug|Any CPU
		{A75F8B13-11B6-4A10-8C05-1501E1F4DF03}.Debug|Any CPU.Build.0 = Debug|Any CPU
		{A75F8B13-11B6-4A10-8C05-1501E1F4DF03}.Release|Any CPU.ActiveCfg = Release|Any CPU
		{A75F8B13-11B6-4A10-8C05-1501E1F4DF03}.Release|Any CPU.Build.0 = Release|Any CPU
	EndGlobalSection
	GlobalSection(SolutionProperties) = preSolution
		HideSolutionNode = FALSE
	EndGlobalSection
	GlobalSection(ExtensibilityGlobals) = postSolution
		SolutionGuid = {F2B24D68-D4EE-460D-A3B7-C847EB132459}
	EndGlobalSection
EndGlobal
